
Microsoft Visual Studio Solution File, Format Version 12.00
# Visual Studio Version 17
VisualStudioVersion = 17.13.35931.197 d17.13
MinimumVisualStudioVersion = 10.0.40219.1
Project("{FAE04EC0-301F-11D3-BF4B-00C04F79EFBC}") = "RecipePlatform.DAL", "RecipePlatform.DAL\RecipePlatform.DAL.csproj", "{FEE8061C-1B66-4B89-BE26-E47918459DC4}"
EndProject
Project("{FAE04EC0-301F-11D3-BF4B-00C04F79EFBC}") = "RecipePlatform.Models", "RecipePlatform.Models\RecipePlatform.Models.csproj", "{A18DA152-2070-48BB-9879-5F3478781E34}"
EndProject
Project("{FAE04EC0-301F-11D3-BF4B-00C04F79EFBC}") = "RecipePlatform.BLL", "RecipePlatform.BLL\RecipePlatform.BLL.csproj", "{5FD41157-D48A-441A-B061-1413560B219D}"
EndProject
Project("{FAE04EC0-301F-11D3-BF4B-00C04F79EFBC}") = "RecipePlatform.API", "RecipePlatform.API\RecipePlatform.API.csproj", "{2090BCEB-F6C3-4453-A8BF-E196D815CF44}"
EndProject
Project("{FAE04EC0-301F-11D3-BF4B-00C04F79EFBC}") = "RecipePlatform.MVC", "RecipePlatform.MVC\RecipePlatform.MVC.csproj", "{9FF3A3CD-F16F-491A-962E-3866402149AA}"
EndProject
Global
	GlobalSection(SolutionConfigurationPlatforms) = preSolution
		Debug|Any CPU = Debug|Any CPU
		Release|Any CPU = Release|Any CPU
	EndGlobalSection
	GlobalSection(ProjectConfigurationPlatforms) = postSolution
		{FEE8061C-1B66-4B89-BE26-E47918459DC4}.Debug|Any CPU.ActiveCfg = Debug|Any CPU
		{FEE8061C-1B66-4B89-BE26-E47918459DC4}.Debug|Any CPU.Build.0 = Debug|Any CPU
		{FEE8061C-1B66-4B89-BE26-E47918459DC4}.Release|Any CPU.ActiveCfg = Release|Any CPU
		{FEE8061C-1B66-4B89-BE26-E47918459DC4}.Release|Any CPU.Build.0 = Release|Any CPU
		{A18DA152-2070-48BB-9879-5F3478781E34}.Debug|Any CPU.ActiveCfg = Debug|Any CPU
		{A18DA152-2070-48BB-9879-5F3478781E34}.Debug|Any CPU.Build.0 = Debug|Any CPU
		{A18DA152-2070-48BB-9879-5F3478781E34}.Release|Any CPU.ActiveCfg = Release|Any CPU
		{A18DA152-2070-48BB-9879-5F3478781E34}.Release|Any CPU.Build.0 = Release|Any CPU
		{5FD41157-D48A-441A-B061-1413560B219D}.Debug|Any CPU.ActiveCfg = Debug|Any CPU
		{5FD41157-D48A-441A-B061-1413560B219D}.Debug|Any CPU.Build.0 = Debug|Any CPU
		{5FD41157-D48A-441A-B061-1413560B219D}.Release|Any CPU.ActiveCfg = Release|Any CPU
		{5FD41157-D48A-441A-B061-1413560B219D}.Release|Any CPU.Build.0 = Release|Any CPU
		{2090BCEB-F6C3-4453-A8BF-E196D815CF44}.Debug|Any CPU.ActiveCfg = Debug|Any CPU
		{2090BCEB-F6C3-4453-A8BF-E196D815CF44}.Debug|Any CPU.Build.0 = Debug|Any CPU
		{2090BCEB-F6C3-4453-A8BF-E196D815CF44}.Release|Any CPU.ActiveCfg = Release|Any CPU
		{2090BCEB-F6C3-4453-A8BF-E196D815CF44}.Release|Any CPU.Build.0 = Release|Any CPU
		{9FF3A3CD-F16F-491A-962E-3866402149AA}.Debug|Any CPU.ActiveCfg = Debug|Any CPU
		{9FF3A3CD-F16F-491A-962E-3866402149AA}.Debug|Any CPU.Build.0 = Debug|Any CPU
		{9FF3A3CD-F16F-491A-962E-3866402149AA}.Release|Any CPU.ActiveCfg = Release|Any CPU
		{9FF3A3CD-F16F-491A-962E-3866402149AA}.Release|Any CPU.Build.0 = Release|Any CPU
	EndGlobalSection
	GlobalSection(SolutionProperties) = preSolution
		HideSolutionNode = FALSE
	EndGlobalSection
	GlobalSection(ExtensibilityGlobals) = postSolution
		SolutionGuid = {F65037F7-1C3F-442C-87D8-83F62F8B380C}
	EndGlobalSection
EndGlobal
